
Microsoft Visual Studio Solution File, Format Version 12.00
# Visual Studio 14
VisualStudioVersion = 14.0.25420.1
MinimumVisualStudioVersion = 10.0.40219.1
Project("{FAE04EC0-301F-11D3-BF4B-00C04F79EFBC}") = "Logic", "Logic\Logic.csproj", "{9987F9BC-C609-4E69-A1FB-8A9816C14715}"
EndProject
Project("{FAE04EC0-301F-11D3-BF4B-00C04F79EFBC}") = "Test", "Test\Test.csproj", "{C16BD094-9FB8-49EA-8CC6-ADF01881DEF5}"
EndProject
Project("{FAE04EC0-301F-11D3-BF4B-00C04F79EFBC}") = "Web", "Web\Web.csproj", "{6CF82D4D-D00A-4F48-A657-0B253C5D35FE}"
EndProject
Project("{FAE04EC0-301F-11D3-BF4B-00C04F79EFBC}") = "Segments", "Segments\Segments.csproj", "{469D2D28-5350-472A-9794-0DE669EB3F5C}"
EndProject
Global
	GlobalSection(SolutionConfigurationPlatforms) = preSolution
		Debug|Any CPU = Debug|Any CPU
		Release|Any CPU = Release|Any CPU
	EndGlobalSection
	GlobalSection(ProjectConfigurationPlatforms) = postSolution
		{9987F9BC-C609-4E69-A1FB-8A9816C14715}.Debug|Any CPU.ActiveCfg = Debug|Any CPU
		{9987F9BC-C609-4E69-A1FB-8A9816C14715}.Debug|Any CPU.Build.0 = Debug|Any CPU
		{9987F9BC-C609-4E69-A1FB-8A9816C14715}.Release|Any CPU.ActiveCfg = Release|Any CPU
		{9987F9BC-C609-4E69-A1FB-8A9816C14715}.Release|Any CPU.Build.0 = Release|Any CPU
		{C16BD094-9FB8-49EA-8CC6-ADF01881DEF5}.Debug|Any CPU.ActiveCfg = Debug|Any CPU
		{C16BD094-9FB8-49EA-8CC6-ADF01881DEF5}.Debug|Any CPU.Build.0 = Debug|Any CPU
		{C16BD094-9FB8-49EA-8CC6-ADF01881DEF5}.Release|Any CPU.ActiveCfg = Release|Any CPU
		{C16BD094-9FB8-49EA-8CC6-ADF01881DEF5}.Release|Any CPU.Build.0 = Release|Any CPU
		{6CF82D4D-D00A-4F48-A657-0B253C5D35FE}.Debug|Any CPU.ActiveCfg = Debug|Any CPU
		{6CF82D4D-D00A-4F48-A657-0B253C5D35FE}.Debug|Any CPU.Build.0 = Debug|Any CPU
		{6CF82D4D-D00A-4F48-A657-0B253C5D35FE}.Release|Any CPU.ActiveCfg = Release|Any CPU
		{6CF82D4D-D00A-4F48-A657-0B253C5D35FE}.Release|Any CPU.Build.0 = Release|Any CPU
		{469D2D28-5350-472A-9794-0DE669EB3F5C}.Debug|Any CPU.ActiveCfg = Debug|Any CPU
		{469D2D28-5350-472A-9794-0DE669EB3F5C}.Debug|Any CPU.Build.0 = Debug|Any CPU
		{469D2D28-5350-472A-9794-0DE669EB3F5C}.Release|Any CPU.ActiveCfg = Release|Any CPU
		{469D2D28-5350-472A-9794-0DE669EB3F5C}.Release|Any CPU.Build.0 = Release|Any CPU
	EndGlobalSection
	GlobalSection(SolutionProperties) = preSolution
		HideSolutionNode = FALSE
	EndGlobalSection
EndGlobal
